<?xml version="1.0" encoding="utf-8"?>
<Project ToolsVersion="4.0" xmlns="http://schemas.microsoft.com/developer/msbuild/2003">
  <ItemGroup>
    <Filter Include="Source Files">
      <UniqueIdentifier>{4FC737F1-C7A5-4376-A066-2A32D752A2FF}</UniqueIdentifier>
      <Extensions>cpp;c;cc;cxx;def;odl;idl;hpj;bat;asm;asmx</Extensions>
    </Filter>
    <Filter Include="Header Files">
      <UniqueIdentifier>{93995380-89BD-4b04-88EB-625FBE52EBFB}</UniqueIdentifier>
      <Extensions>h;hh;hpp;hxx;hm;inl;inc;xsd</Extensions>
    </Filter>
    <Filter Include="Header Files\SDKS">
      <UniqueIdentifier>{5d259fce-9f6f-49fb-9696-791fc41cdd54}</UniqueIdentifier>
    </Filter>
    <Filter Include="Header Files\SDKS\CueSdk">
      <UniqueIdentifier>{3bd7b90e-1b42-46bb-90cc-12175704c0fc}</UniqueIdentifier>
    </Filter>
    <Filter Include="Header Files\SDKS\ChromaSdk">
      <UniqueIdentifier>{d7d89f8b-e69f-438b-a571-5f9a20463f88}</UniqueIdentifier>
    </Filter>
  </ItemGroup>
  <ItemGroup>
    <ClCompile Include="src\dllmain.cpp">
      <Filter>Source Files</Filter>
    </ClCompile>
    <ClCompile Include="src\razerConversionLayer.cpp">
      <Filter>Source Files</Filter>
    </ClCompile>
    <ClCompile Include="src\stdafx.cpp">
      <Filter>Source Files</Filter>
    </ClCompile>
  </ItemGroup>
  <ItemGroup>
    <ClInclude Include="src\razerConversionLayer.h">
      <Filter>Header Files</Filter>
    </ClInclude>
    <ClInclude Include="src\razerKeysToCorsair.h">
      <Filter>Header Files</Filter>
    </ClInclude>
    <ClInclude Include="src\stdafx.h">
      <Filter>Header Files</Filter>
    </ClInclude>
    <ClInclude Include="3rdparty\inc\RzChromaSDKDefines.h">
      <Filter>Header Files\SDKS\ChromaSdk</Filter>
    </ClInclude>
    <ClInclude Include="3rdparty\inc\RzChromaSDKTypes.h">
      <Filter>Header Files\SDKS\ChromaSdk</Filter>
    </ClInclude>
    <ClInclude Include="3rdparty\inc\RzErrors.h">
      <Filter>Header Files\SDKS\ChromaSdk</Filter>
    </ClInclude>
    <ClInclude Include="3rdparty\inc\CorsairLedIdEnum.h">
      <Filter>Header Files\SDKS\CueSdk</Filter>
    </ClInclude>
    <ClInclude Include="3rdparty\inc\CUESDK.h">
      <Filter>Header Files\SDKS\CueSdk</Filter>
    </ClInclude>
    <ClInclude Include="3rdparty\inc\CUESDKGlobal.h">
      <Filter>Header Files\SDKS\CueSdk</Filter>
    </ClInclude>
  </ItemGroup>
</Project>