<?xml version="1.0" encoding="utf-8"?>
<Project ToolsVersion="4.0" xmlns="http://schemas.microsoft.com/developer/msbuild/2003">
  <ItemGroup>
    <ClCompile Include="shim.cpp" />
    <ClCompile Include="..\rpc-midl\rpc_retc_c.c">
      <Filter>rpc</Filter>
    </ClCompile>
  </ItemGroup>
  <ItemGroup>
    <Filter Include="rpc">
      <UniqueIdentifier>{c1d96e26-2896-4bf5-a62d-6fd9065e4614}</UniqueIdentifier>
    </Filter>
  </ItemGroup>
  <ItemGroup>
    <ClInclude Include="..\rpc-midl\rpc_retc.h">
      <Filter>rpc</Filter>
    </ClInclude>
  </ItemGroup>
</Project>